
Microsoft Visual Studio Solution File, Format Version 12.00
# Visual Studio Version 17
VisualStudioVersion = 17.11.35312.102
MinimumVisualStudioVersion = 10.0.40219.1
Project("{FAE04EC0-301F-11D3-BF4B-00C04F79EFBC}") = "DotnetAndGraphQL.Domain", "DotnetAndGraphQL.Domain\DotnetAndGraphQL.Domain.csproj", "{FB80DFE0-11AB-477E-ADB4-A7A5E46F3147}"
EndProject
Project("{FAE04EC0-301F-11D3-BF4B-00C04F79EFBC}") = "DotnetAndGraphQL.API", "DotnetAndGraphQL.API\DotnetAndGraphQL.API.csproj", "{EF1F5EF1-E125-4062-AADA-796213B9BB30}"
EndProject
Global
	GlobalSection(SolutionConfigurationPlatforms) = preSolution
		Debug|Any CPU = Debug|Any CPU
		Release|Any CPU = Release|Any CPU
	EndGlobalSection
	GlobalSection(ProjectConfigurationPlatforms) = postSolution
		{FB80DFE0-11AB-477E-ADB4-A7A5E46F3147}.Debug|Any CPU.ActiveCfg = Debug|Any CPU
		{FB80DFE0-11AB-477E-ADB4-A7A5E46F3147}.Debug|Any CPU.Build.0 = Debug|Any CPU
		{FB80DFE0-11AB-477E-ADB4-A7A5E46F3147}.Release|Any CPU.ActiveCfg = Release|Any CPU
		{FB80DFE0-11AB-477E-ADB4-A7A5E46F3147}.Release|Any CPU.Build.0 = Release|Any CPU
		{EF1F5EF1-E125-4062-AADA-796213B9BB30}.Debug|Any CPU.ActiveCfg = Debug|Any CPU
		{EF1F5EF1-E125-4062-AADA-796213B9BB30}.Debug|Any CPU.Build.0 = Debug|Any CPU
		{EF1F5EF1-E125-4062-AADA-796213B9BB30}.Release|Any CPU.ActiveCfg = Release|Any CPU
		{EF1F5EF1-E125-4062-AADA-796213B9BB30}.Release|Any CPU.Build.0 = Release|Any CPU
	EndGlobalSection
	GlobalSection(SolutionProperties) = preSolution
		HideSolutionNode = FALSE
	EndGlobalSection
	GlobalSection(ExtensibilityGlobals) = postSolution
		SolutionGuid = {3DE48F3A-C88F-4C4E-8356-8601D86800F4}
	EndGlobalSection
EndGlobal
